
Microsoft Visual Studio Solution File, Format Version 12.00
# Visual Studio Version 17
VisualStudioVersion = 17.2.32630.192
MinimumVisualStudioVersion = 10.0.40219.1
Project("{FAE04EC0-301F-11D3-BF4B-00C04F79EFBC}") = "GameLauncher", "GameLauncher.csproj", "{50DA19DA-C8C0-4E28-8D39-046FBDAACE38}"
EndProject
Global
	GlobalSection(SolutionConfigurationPlatforms) = preSolution
		Debug|Any CPU = Debug|Any CPU
		Release|Any CPU = Release|Any CPU
	EndGlobalSection
	GlobalSection(ProjectConfigurationPlatforms) = postSolution
		{50DA19DA-C8C0-4E28-8D39-046FBDAACE38}.Debug|Any CPU.ActiveCfg = Debug|Any CPU
		{50DA19DA-C8C0-4E28-8D39-046FBDAACE38}.Debug|Any CPU.Build.0 = Debug|Any CPU
		{50DA19DA-C8C0-4E28-8D39-046FBDAACE38}.Release|Any CPU.ActiveCfg = Release|Any CPU
		{50DA19DA-C8C0-4E28-8D39-046FBDAACE38}.Release|Any CPU.Build.0 = Release|Any CPU
	EndGlobalSection
	GlobalSection(SolutionProperties) = preSolution
		HideSolutionNode = FALSE
	EndGlobalSection
	GlobalSection(ExtensibilityGlobals) = postSolution
		SolutionGuid = {766A5511-83D6-435F-9CAC-90531E760EFE}
	EndGlobalSection
EndGlobal
